{
  "name": "portfolio",
  "version": "1.0.0",
  "lockfileVersion": 1,
  "requires": true,
  "dependencies": {
    "@popperjs/core": {
      "version": "2.3.3",
      "resolved": "https://registry.npmjs.org/@popperjs/core/-/core-2.3.3.tgz",
      "integrity": "sha512-yEvVC8RfhRPkD9TUn7cFcLcgoJePgZRAOR7T21rcRY5I8tpuhzeWfGa7We7tB14fe9R7wENdqUABcMdwD4SQLw=="
    },
    "tippy.js": {
      "version": "6.2.0",
      "resolved": "https://registry.npmjs.org/tippy.js/-/tippy.js-6.2.0.tgz",
      "integrity": "sha512-xb7xq4vSkrhZHvbRx7l8otFL7z2id+U0VPDX+MHXa8B/4PtJ/nvap6/peLHjMk45VmRIvEhF0KFoqviJ6EEtug==",
      "requires": {
        "@popperjs/core": "^2.3.2"
      }
    }
  }
}
